// !$*UTF8*$!
{
	archiveVersion = 1;
	classes = {
	};
	objectVersion = 46;
	objects = {

/* Begin PBXBuildFile section */
		E443D3F81A70640F007C26E3 /* BoxOfficeViewController.m in Sources */ = {isa = PBXBuildFile; fileRef = E443D3F71A70640F007C26E3 /* BoxOfficeViewController.m */; };
		E443D3FA1A70647A007C26E3 /* Default-568h@2x.png in Resources */ = {isa = PBXBuildFile; fileRef = E443D3F91A70647A007C26E3 /* Default-568h@2x.png */; };
		E44F2C391A70144D00D22A9A /* main.m in Sources */ = {isa = PBXBuildFile; fileRef = E44F2C381A70144D00D22A9A /* main.m */; };
		E44F2C3C1A70144D00D22A9A /* AppDelegate.m in Sources */ = {isa = PBXBuildFile; fileRef = E44F2C3B1A70144D00D22A9A /* AppDelegate.m */; };
		E44F2C421A70144D00D22A9A /* Main.storyboard in Resources */ = {isa = PBXBuildFile; fileRef = E44F2C401A70144D00D22A9A /* Main.storyboard */; };
		E44F2C441A70144D00D22A9A /* Images.xcassets in Resources */ = {isa = PBXBuildFile; fileRef = E44F2C431A70144D00D22A9A /* Images.xcassets */; };
		E44F2C471A70144D00D22A9A /* LaunchScreen.xib in Resources */ = {isa = PBXBuildFile; fileRef = E44F2C451A70144D00D22A9A /* LaunchScreen.xib */; };
		E44F2C531A70144D00D22A9A /* MovieCheckerTests.m in Sources */ = {isa = PBXBuildFile; fileRef = E44F2C521A70144D00D22A9A /* MovieCheckerTests.m */; };
/* End PBXBuildFile section */

/* Begin PBXContainerItemProxy section */
		E44F2C4D1A70144D00D22A9A /* PBXContainerItemProxy */ = {
			isa = PBXContainerItemProxy;
			containerPortal = E44F2C2B1A70144C00D22A9A /* Project object */;
			proxyType = 1;
			remoteGlobalIDString = E44F2C321A70144C00D22A9A;
			remoteInfo = MovieChecker;
		};
/* End PBXContainerItemProxy section */

/* Begin PBXFileReference section */
		E443D3F61A70640F007C26E3 /* BoxOfficeViewController.h */ = {isa = PBXFileReference; fileEncoding = 4; lastKnownFileType = sourcecode.c.h; path = BoxOfficeViewController.h; sourceTree = "<group>"; };
		E443D3F71A70640F007C26E3 /* BoxOfficeViewController.m */ = {isa = PBXFileReference; fileEncoding = 4; lastKnownFileType = sourcecode.c.objc; path = BoxOfficeViewController.m; sourceTree = "<group>"; };
		E443D3F91A70647A007C26E3 /* Default-568h@2x.png */ = {isa = PBXFileReference; lastKnownFileType = image.png; path = "Default-568h@2x.png"; sourceTree = "<group>"; };
		E44F2C331A70144C00D22A9A /* MovieChecker.app */ = {isa = PBXFileReference; explicitFileType = wrapper.application; includeInIndex = 0; path = MovieChecker.app; sourceTree = BUILT_PRODUCTS_DIR; };
		E44F2C371A70144D00D22A9A /* Info.plist */ = {isa = PBXFileReference; lastKnownFileType = text.plist.xml; path = Info.plist; sourceTree = "<group>"; };
		E44F2C381A70144D00D22A9A /* main.m */ = {isa = PBXFileReference; lastKnownFileType = sourcecode.c.objc; path = main.m; sourceTree = "<group>"; };
		E44F2C3A1A70144D00D22A9A /* AppDelegate.h */ = {isa = PBXFileReference; lastKnownFileType = sourcecode.c.h; path = AppDelegate.h; sourceTree = "<group>"; };
		E44F2C3B1A70144D00D22A9A /* AppDelegate.m */ = {isa = PBXFileReference; lastKnownFileType = sourcecode.c.objc; path = AppDelegate.m; sourceTree = "<group>"; };
		E44F2C411A70144D00D22A9A /* Base */ = {isa = PBXFileReference; lastKnownFileType = file.storyboard; name = Base; path = Base.lproj/Main.storyboard; sourceTree = "<group>"; };
		E44F2C431A70144D00D22A9A /* Images.xcassets */ = {isa = PBXFileReference; lastKnownFileType = folder.assetcatalog; path = Images.xcassets; sourceTree = "<group>"; };
		E44F2C461A70144D00D22A9A /* Base */ = {isa = PBXFileReference; lastKnownFileType = file.xib; name = Base; path = Base.lproj/LaunchScreen.xib; sourceTree = "<group>"; };
		E44F2C4C1A70144D00D22A9A /* MovieCheckerTests.xctest */ = {isa = PBXFileReference; explicitFileType = wrapper.cfbundle; includeInIndex = 0; path = MovieCheckerTests.xctest; sourceTree = BUILT_PRODUCTS_DIR; };
		E44F2C511A70144D00D22A9A /* Info.plist */ = {isa = PBXFileReference; lastKnownFileType = text.plist.xml; path = Info.plist; sourceTree = "<group>"; };
		E44F2C521A70144D00D22A9A /* MovieCheckerTests.m */ = {isa = PBXFileReference; lastKnownFileType = sourcecode.c.objc; path = MovieCheckerTests.m; sourceTree = "<group>"; };
/* End PBXFileReference section */

/* Begin PBXFrameworksBuildPhase section */
		E44F2C301A70144C00D22A9A /* Frameworks */ = {
			isa = PBXFrameworksBuildPhase;
			buildActionMask = 2147483647;
			files = (
			);
			runOnlyForDeploymentPostprocessing = 0;
		};
		E44F2C491A70144D00D22A9A /* Frameworks */ = {
			isa = PBXFrameworksBuildPhase;
			buildActionMask = 2147483647;
			files = (
			);
			runOnlyForDeploymentPostprocessing = 0;
		};
/* End PBXFrameworksBuildPhase section */

/* Begin PBXGroup section */
		E44F2C2A1A70144C00D22A9A = {
			isa = PBXGroup;
			children = (
				E443D3F91A70647A007C26E3 /* Default-568h@2x.png */,
				E44F2C351A70144C00D22A9A /* MovieChecker */,
				E44F2C4F1A70144D00D22A9A /* MovieCheckerTests */,
				E44F2C341A70144C00D22A9A /* Products */,
			);
			sourceTree = "<group>";
		};
		E44F2C341A70144C00D22A9A /* Products */ = {
			isa = PBXGroup;
			children = (
				E44F2C331A70144C00D22A9A /* MovieChecker.app */,
				E44F2C4C1A70144D00D22A9A /* MovieCheckerTests.xctest */,
			);
			name = Products;
			sourceTree = "<group>";
		};
		E44F2C351A70144C00D22A9A /* MovieChecker */ = {
			isa = PBXGroup;
			children = (
				E44F2C3A1A70144D00D22A9A /* AppDelegate.h */,
				E44F2C3B1A70144D00D22A9A /* AppDelegate.m */,
				E443D3F61A70640F007C26E3 /* BoxOfficeViewController.h */,
				E443D3F71A70640F007C26E3 /* BoxOfficeViewController.m */,
				E44F2C401A70144D00D22A9A /* Main.storyboard */,
				E44F2C431A70144D00D22A9A /* Images.xcassets */,
				E44F2C451A70144D00D22A9A /* LaunchScreen.xib */,
				E44F2C361A70144D00D22A9A /* Supporting Files */,
			);
			path = MovieChecker;
			sourceTree = "<group>";
		};
		E44F2C361A70144D00D22A9A /* Supporting Files */ = {
			isa = PBXGroup;
			children = (
				E44F2C371A70144D00D22A9A /* Info.plist */,
				E44F2C381A70144D00D22A9A /* main.m */,
			);
			name = "Supporting Files";
			sourceTree = "<group>";
		};
		E44F2C4F1A70144D00D22A9A /* MovieCheckerTests */ = {
			isa = PBXGroup;
			children = (
				E44F2C521A70144D00D22A9A /* MovieCheckerTests.m */,
				E44F2C501A70144D00D22A9A /* Supporting Files */,
			);
			path = MovieCheckerTests;
			sourceTree = "<group>";
		};
		E44F2C501A70144D00D22A9A /* Supporting Files */ = {
			isa = PBXGroup;
			children = (
				E44F2C511A70144D00D22A9A /* Info.plist */,
			);
			name = "Supporting Files";
			sourceTree = "<group>";
		};
/* End PBXGroup section */

/* Begin PBXNativeTarget section */
		E44F2C321A70144C00D22A9A /* MovieChecker */ = {
			isa = PBXNativeTarget;
			buildConfigurationList = E44F2C561A70144D00D22A9A /* Build configuration list for PBXNativeTarget "MovieChecker" */;
			buildPhases = (
				E44F2C2F1A70144C00D22A9A /* Sources */,
				E44F2C301A70144C00D22A9A /* Frameworks */,
				E44F2C311A70144C00D22A9A /* Resources */,
				OBJCLEANCUSTOMRUNSCRIPTT /* Objective-Clean Run Script */,
			);
			buildRules = (
			);
			dependencies = (
			);
			name = MovieChecker;
			productName = MovieChecker;
			productReference = E44F2C331A70144C00D22A9A /* MovieChecker.app */;
			productType = "com.apple.product-type.application";
		};
		E44F2C4B1A70144D00D22A9A /* MovieCheckerTests */ = {
			isa = PBXNativeTarget;
			buildConfigurationList = E44F2C591A70144D00D22A9A /* Build configuration list for PBXNativeTarget "MovieCheckerTests" */;
			buildPhases = (
				E44F2C481A70144D00D22A9A /* Sources */,
				E44F2C491A70144D00D22A9A /* Frameworks */,
				E44F2C4A1A70144D00D22A9A /* Resources */,
			);
			buildRules = (
			);
			dependencies = (
				E44F2C4E1A70144D00D22A9A /* PBXTargetDependency */,
			);
			name = MovieCheckerTests;
			productName = MovieCheckerTests;
			productReference = E44F2C4C1A70144D00D22A9A /* MovieCheckerTests.xctest */;
			productType = "com.apple.product-type.bundle.unit-test";
		};
/* End PBXNativeTarget section */

/* Begin PBXProject section */
		E44F2C2B1A70144C00D22A9A /* Project object */ = {
			isa = PBXProject;
			attributes = {
				LastUpgradeCheck = 0610;
				ORGANIZATIONNAME = Vokal;
				TargetAttributes = {
					E44F2C321A70144C00D22A9A = {
						CreatedOnToolsVersion = 6.1.1;
					};
					E44F2C4B1A70144D00D22A9A = {
						CreatedOnToolsVersion = 6.1.1;
						TestTargetID = E44F2C321A70144C00D22A9A;
					};
				};
			};
			buildConfigurationList = E44F2C2E1A70144C00D22A9A /* Build configuration list for PBXProject "MovieChecker" */;
			compatibilityVersion = "Xcode 3.2";
			developmentRegion = English;
			hasScannedForEncodings = 0;
			knownRegions = (
				en,
				Base,
			);
			mainGroup = E44F2C2A1A70144C00D22A9A;
			productRefGroup = E44F2C341A70144C00D22A9A /* Products */;
			projectDirPath = "";
			projectRoot = "";
			targets = (
				E44F2C321A70144C00D22A9A /* MovieChecker */,
				E44F2C4B1A70144D00D22A9A /* MovieCheckerTests */,
			);
		};
/* End PBXProject section */

/* Begin PBXResourcesBuildPhase section */
		E44F2C311A70144C00D22A9A /* Resources */ = {
			isa = PBXResourcesBuildPhase;
			buildActionMask = 2147483647;
			files = (
				E44F2C421A70144D00D22A9A /* Main.storyboard in Resources */,
				E443D3FA1A70647A007C26E3 /* Default-568h@2x.png in Resources */,
				E44F2C471A70144D00D22A9A /* LaunchScreen.xib in Resources */,
				E44F2C441A70144D00D22A9A /* Images.xcassets in Resources */,
			);
			runOnlyForDeploymentPostprocessing = 0;
		};
		E44F2C4A1A70144D00D22A9A /* Resources */ = {
			isa = PBXResourcesBuildPhase;
			buildActionMask = 2147483647;
			files = (
			);
			runOnlyForDeploymentPostprocessing = 0;
		};
/* End PBXResourcesBuildPhase section */

/* Begin PBXShellScriptBuildPhase section */
		OBJCLEANCUSTOMRUNSCRIPTT /* Objective-Clean Run Script */ = {
			isa = PBXShellScriptBuildPhase;
			buildActionMask = 2147483647;
			files = (
			);
			inputPaths = (
			);
			name = "Objective-Clean Run Script";
			outputPaths = (
			);
			runOnlyForDeploymentPostprocessing = 0;
			shellPath = /bin/bash;
			shellScript = "if [[ -z ${SKIP_OBJCLEAN} || ${SKIP_OBJCLEAN} != 1 ]]; then\nif [[ -d \"${LOCAL_APPS_DIR}/Objective-Clean.app\" ]]; then \n\"${LOCAL_APPS_DIR}\"/Objective-Clean.app/Contents/Resources/ObjClean.app/Contents/MacOS/ObjClean \"${SRCROOT}\" \nelse\necho \"warning: You have to install and set up Objective-Clean to use its features!\" \nfi\nfi";
		};
/* End PBXShellScriptBuildPhase section */

/* Begin PBXSourcesBuildPhase section */
		E44F2C2F1A70144C00D22A9A /* Sources */ = {
			isa = PBXSourcesBuildPhase;
			buildActionMask = 2147483647;
			files = (
				E443D3F81A70640F007C26E3 /* BoxOfficeViewController.m in Sources */,
				E44F2C3C1A70144D00D22A9A /* AppDelegate.m in Sources */,
				E44F2C391A70144D00D22A9A /* main.m in Sources */,
			);
			runOnlyForDeploymentPostprocessing = 0;
		};
		E44F2C481A70144D00D22A9A /* Sources */ = {
			isa = PBXSourcesBuildPhase;
			buildActionMask = 2147483647;
			files = (
				E44F2C531A70144D00D22A9A /* MovieCheckerTests.m in Sources */,
			);
			runOnlyForDeploymentPostprocessing = 0;
		};
/* End PBXSourcesBuildPhase section */

/* Begin PBXTargetDependency section */
		E44F2C4E1A70144D00D22A9A /* PBXTargetDependency */ = {
			isa = PBXTargetDependency;
			target = E44F2C321A70144C00D22A9A /* MovieChecker */;
			targetProxy = E44F2C4D1A70144D00D22A9A /* PBXContainerItemProxy */;
		};
/* End PBXTargetDependency section */

/* Begin PBXVariantGroup section */
		E44F2C401A70144D00D22A9A /* Main.storyboard */ = {
			isa = PBXVariantGroup;
			children = (
				E44F2C411A70144D00D22A9A /* Base */,
			);
			name = Main.storyboard;
			sourceTree = "<group>";
		};
		E44F2C451A70144D00D22A9A /* LaunchScreen.xib */ = {
			isa = PBXVariantGroup;
			children = (
				E44F2C461A70144D00D22A9A /* Base */,
			);
			name = LaunchScreen.xib;
			sourceTree = "<group>";
		};
/* End PBXVariantGroup section */

/* Begin XCBuildConfiguration section */
		E44F2C541A70144D00D22A9A /* Debug */ = {
			isa = XCBuildConfiguration;
			buildSettings = {
				ALWAYS_SEARCH_USER_PATHS = NO;
				CLANG_CXX_LANGUAGE_STANDARD = "gnu++0x";
				CLANG_CXX_LIBRARY = "libc++";
				CLANG_ENABLE_MODULES = YES;
				CLANG_ENABLE_OBJC_ARC = YES;
				CLANG_WARN_BOOL_CONVERSION = YES;
				CLANG_WARN_CONSTANT_CONVERSION = YES;
				CLANG_WARN_DIRECT_OBJC_ISA_USAGE = YES_ERROR;
				CLANG_WARN_EMPTY_BODY = YES;
				CLANG_WARN_ENUM_CONVERSION = YES;
				CLANG_WARN_INT_CONVERSION = YES;
				CLANG_WARN_OBJC_ROOT_CLASS = YES_ERROR;
				CLANG_WARN_UNREACHABLE_CODE = YES;
				CLANG_WARN__DUPLICATE_METHOD_MATCH = YES;
				"CODE_SIGN_IDENTITY[sdk=iphoneos*]" = "iPhone Developer";
				COPY_PHASE_STRIP = NO;
				ENABLE_STRICT_OBJC_MSGSEND = YES;
				GCC_C_LANGUAGE_STANDARD = gnu99;
				GCC_DYNAMIC_NO_PIC = NO;
				GCC_OPTIMIZATION_LEVEL = 0;
				GCC_PREPROCESSOR_DEFINITIONS = (
					"DEBUG=1",
					"$(inherited)",
				);
				GCC_SYMBOLS_PRIVATE_EXTERN = NO;
				GCC_WARN_64_TO_32_BIT_CONVERSION = YES;
				GCC_WARN_ABOUT_RETURN_TYPE = YES_ERROR;
				GCC_WARN_UNDECLARED_SELECTOR = YES;
				GCC_WARN_UNINITIALIZED_AUTOS = YES_AGGRESSIVE;
				GCC_WARN_UNUSED_FUNCTION = YES;
				GCC_WARN_UNUSED_VARIABLE = YES;
				IPHONEOS_DEPLOYMENT_TARGET = 8.1;
				MTL_ENABLE_DEBUG_INFO = YES;
				ONLY_ACTIVE_ARCH = YES;
				SDKROOT = iphoneos;
			};
			name = Debug;
		};
		E44F2C551A70144D00D22A9A /* Release */ = {
			isa = XCBuildConfiguration;
			buildSettings = {
				ALWAYS_SEARCH_USER_PATHS = NO;
				CLANG_CXX_LANGUAGE_STANDARD = "gnu++0x";
				CLANG_CXX_LIBRARY = "libc++";
				CLANG_ENABLE_MODULES = YES;
				CLANG_ENABLE_OBJC_ARC = YES;
				CLANG_WARN_BOOL_CONVERSION = YES;
				CLANG_WARN_CONSTANT_CONVERSION = YES;
				CLANG_WARN_DIRECT_OBJC_ISA_USAGE = YES_ERROR;
				CLANG_WARN_EMPTY_BODY = YES;
				CLANG_WARN_ENUM_CONVERSION = YES;
				CLANG_WARN_INT_CONVERSION = YES;
				CLANG_WARN_OBJC_ROOT_CLASS = YES_ERROR;
				CLANG_WARN_UNREACHABLE_CODE = YES;
				CLANG_WARN__DUPLICATE_METHOD_MATCH = YES;
				"CODE_SIGN_IDENTITY[sdk=iphoneos*]" = "iPhone Developer";
				COPY_PHASE_STRIP = YES;
				ENABLE_NS_ASSERTIONS = NO;
				ENABLE_STRICT_OBJC_MSGSEND = YES;
				GCC_C_LANGUAGE_STANDARD = gnu99;
				GCC_WARN_64_TO_32_BIT_CONVERSION = YES;
				GCC_WARN_ABOUT_RETURN_TYPE = YES_ERROR;
				GCC_WARN_UNDECLARED_SELECTOR = YES;
				GCC_WARN_UNINITIALIZED_AUTOS = YES_AGGRESSIVE;
				GCC_WARN_UNUSED_FUNCTION = YES;
				GCC_WARN_UNUSED_VARIABLE = YES;
				IPHONEOS_DEPLOYMENT_TARGET = 8.1;
				MTL_ENABLE_DEBUG_INFO = NO;
				SDKROOT = iphoneos;
				VALIDATE_PRODUCT = YES;
			};
			name = Release;
		};
		E44F2C571A70144D00D22A9A /* Debug */ = {
			isa = XCBuildConfiguration;
			buildSettings = {
				ASSETCATALOG_COMPILER_APPICON_NAME = AppIcon;
				INFOPLIST_FILE = MovieChecker/Info.plist;
				LD_RUNPATH_SEARCH_PATHS = "$(inherited) @executable_path/Frameworks";
				PRODUCT_NAME = "$(TARGET_NAME)";
			};
			name = Debug;
		};
		E44F2C581A70144D00D22A9A /* Release */ = {
			isa = XCBuildConfiguration;
			buildSettings = {
				ASSETCATALOG_COMPILER_APPICON_NAME = AppIcon;
				INFOPLIST_FILE = MovieChecker/Info.plist;
				LD_RUNPATH_SEARCH_PATHS = "$(inherited) @executable_path/Frameworks";
				PRODUCT_NAME = "$(TARGET_NAME)";
			};
			name = Release;
		};
		E44F2C5A1A70144D00D22A9A /* Debug */ = {
			isa = XCBuildConfiguration;
			buildSettings = {
				BUNDLE_LOADER = "$(TEST_HOST)";
				FRAMEWORK_SEARCH_PATHS = (
					"$(SDKROOT)/Developer/Library/Frameworks",
					"$(inherited)",
				);
				GCC_PREPROCESSOR_DEFINITIONS = (
					"DEBUG=1",
					"$(inherited)",
				);
				INFOPLIST_FILE = MovieCheckerTests/Info.plist;
				LD_RUNPATH_SEARCH_PATHS = "$(inherited) @executable_path/Frameworks @loader_path/Frameworks";
				PRODUCT_NAME = "$(TARGET_NAME)";
				TEST_HOST = "$(BUILT_PRODUCTS_DIR)/MovieChecker.app/MovieChecker";
			};
			name = Debug;
		};
		E44F2C5B1A70144D00D22A9A /* Release */ = {
			isa = XCBuildConfiguration;
			buildSettings = {
				BUNDLE_LOADER = "$(TEST_HOST)";
				FRAMEWORK_SEARCH_PATHS = (
					"$(SDKROOT)/Developer/Library/Frameworks",
					"$(inherited)",
				);
				INFOPLIST_FILE = MovieCheckerTests/Info.plist;
				LD_RUNPATH_SEARCH_PATHS = "$(inherited) @executable_path/Frameworks @loader_path/Frameworks";
				PRODUCT_NAME = "$(TARGET_NAME)";
				TEST_HOST = "$(BUILT_PRODUCTS_DIR)/MovieChecker.app/MovieChecker";
			};
			name = Release;
		};
/* End XCBuildConfiguration section */

/* Begin XCConfigurationList section */
		E44F2C2E1A70144C00D22A9A /* Build configuration list for PBXProject "MovieChecker" */ = {
			isa = XCConfigurationList;
			buildConfigurations = (
				E44F2C541A70144D00D22A9A /* Debug */,
				E44F2C551A70144D00D22A9A /* Release */,
			);
			defaultConfigurationIsVisible = 0;
			defaultConfigurationName = Release;
		};
		E44F2C561A70144D00D22A9A /* Build configuration list for PBXNativeTarget "MovieChecker" */ = {
			isa = XCConfigurationList;
			buildConfigurations = (
				E44F2C571A70144D00D22A9A /* Debug */,
				E44F2C581A70144D00D22A9A /* Release */,
			);
			defaultConfigurationIsVisible = 0;
			defaultConfigurationName = Release;
		};
		E44F2C591A70144D00D22A9A /* Build configuration list for PBXNativeTarget "MovieCheckerTests" */ = {
			isa = XCConfigurationList;
			buildConfigurations = (
				E44F2C5A1A70144D00D22A9A /* Debug */,
				E44F2C5B1A70144D00D22A9A /* Release */,
			);
			defaultConfigurationIsVisible = 0;
			defaultConfigurationName = Release;
		};
/* End XCConfigurationList section */
	};
	rootObject = E44F2C2B1A70144C00D22A9A /* Project object */;
}
